{
    "_meta": {
        "hash": {
            "sha256": "70e8ef002c0ca6fd530dd959685da7894b5113acb4f2882b3cdc6c27965f0d9b"
        },
        "pipfile-spec": 6,
        "requires": {
            "python_version": "3.6"
        },
        "sources": [
            {
                "name": "pypi",
                "url": "https://pypi.python.org/simple",
                "verify_ssl": true
            }
        ]
    },
    "default": {
        "argcomplete": {
            "hashes": [
                "sha256:c079ceb0b72d4d4e03531ed77e6071babb9d42c3f790d7def2c41295b4990b44",
                "sha256:d97b7f3cfaa4e494ad59ed6d04c938fc5ed69b590bd8f53274e258fb1119bd1b"
            ],
            "version": "==1.9.3"
        },
        "base58": {
            "hashes": [
                "sha256:93fa54b615a7c406701a56e3d11c3a5defdbcd371f36c0452f1ac77623e42d16",
                "sha256:c5fe8b00fab798b4a3393da6235bdecb143db505833e3f979890f7c6fc99f651"
            ],
            "version": "==1.0.0"
        },
        "boto3": {
            "hashes": [
                "sha256:0a366fb5300b67215592e569d65f85cac606d13949b2c1838179ea4b97d1ce77",
                "sha256:d41d8a44041b12da73f740765338d5d6fe656f704702d709b4686b1c1729ef9b"
            ],
            "version": "==1.7.61"
        },
        "botocore": {
            "hashes": [
                "sha256:032dd23f23a1a004f3fbee90889aa9a44ad17389b51737e85c90542d488fd20e",
                "sha256:279b63c99298298a3a313a2481503696fcf627728cbcf5075f253561a95d06cd"
            ],
            "version": "==1.10.61"
        },
        "certifi": {
            "hashes": [
                "sha256:13e698f54293db9f89122b0581843a782ad0934a4fe0172d2a980ba77fc61bb7",
                "sha256:9fa520c1bacfb634fa7af20a76bcbd3d5fb390481724c597da32c719a7dca4b0"
            ],
            "version": "==2018.4.16"
        },
        "cfn-flip": {
            "hashes": [
                "sha256:9c61039c71995ab204c005ec46d47d0f7a109e9f1b6d63569397f8bc648a8151"
            ],
            "version": "==1.0.3"
        },
        "chardet": {
            "hashes": [
                "sha256:84ab92ed1c4d4f16916e05906b6b75a6c0fb5db821cc65e70cbd64a3e2a5eaae",
                "sha256:fc323ffcaeaed0e0a02bf4d117757b98aed530d9ed4531e3e15460124c106691"
            ],
            "version": "==3.0.4"
        },
        "click": {
            "hashes": [
                "sha256:29f99fc6125fbc931b758dc053b3114e55c77a6e4c6c3a2674a2dc986016381d",
                "sha256:f15516df478d5a56180fbf80e68f206010e6d160fc39fa508b65e035fd75130b"
            ],
            "version": "==6.7"
        },
        "docutils": {
            "hashes": [
                "sha256:02aec4bd92ab067f6ff27a38a38a41173bf01bed8f89157768c1573f53e474a6",
                "sha256:51e64ef2ebfb29cae1faa133b3710143496eca21c530f3f71424d77687764274",
                "sha256:7a4bd47eaf6596e1295ecb11361139febe29b084a87bf005bf899f9a42edc3c6"
            ],
            "version": "==0.14"
        },
        "durationpy": {
            "hashes": [
                "sha256:5ef9416b527b50d722f34655becfb75e49228eb82f87b855ed1911b3314b5408"
            ],
            "version": "==0.5"
        },
        "falcon": {
            "hashes": [
                "sha256:0a66b33458fab9c1e400a9be1a68056abda178eb02a8cb4b8f795e9df20b053b",
                "sha256:3981f609c0358a9fcdb25b0e7fab3d9e23019356fb429c635ce4133135ae1bc4"
            ],
            "index": "pypi",
            "version": "==1.4.1"
        },
        "falcon-multipart": {
            "hashes": [
                "sha256:134c88c2b50b343d93e1b0f2c73e0ce07a89928658af71abc9629f42331a189d",
                "sha256:9ae73fdddd94299f2cb181b8f1e8ab17d3ce182daabbb11ce862f0bd471a3d1d"
            ],
            "index": "pypi",
            "version": "==0.2.0"
        },
        "future": {
            "hashes": [
                "sha256:e39ced1ab767b5936646cedba8bcce582398233d6a627067d4c6a454c90cfedb"
            ],
            "version": "==0.16.0"
        },
        "futures": {
            "hashes": [
                "sha256:9ec02aa7d674acb8618afb127e27fde7fc68994c0437ad759fa094a574adb265",
                "sha256:ec0a6cb848cc212002b9828c3e34c675e0c9ff6741dc445cab6fdd4e1085d1f1"
            ],
            "markers": "python_version >= '2.6' and python_version < '3'",
            "version": "==3.2.0"
        },
        "gunicorn": {
            "hashes": [
                "sha256:aa8e0b40b4157b36a5df5e599f45c9c76d6af43845ba3b3b0efe2c70473c2471",
                "sha256:fa2662097c66f920f53f70621c6c58ca4a3c4d3434205e608e121b5b3b71f4f3"
            ],
            "index": "pypi",
            "version": "==19.9.0"
        },
        "hjson": {
            "hashes": [
                "sha256:1d1727faa6aaef2973921877125a3ab7c5f6d34b93233179d01770f41fab51f9"
            ],
            "version": "==3.0.1"
        },
        "idna": {
            "hashes": [
                "sha256:156a6814fb5ac1fc6850fb002e0852d56c0c8d2531923a51032d1b70760e186e",
                "sha256:684a38a6f903c1d71d6d5fac066b58d7768af4de2b832e426ec79c30daa94a16"
            ],
            "version": "==2.7"
        },
        "jmespath": {
            "hashes": [
                "sha256:6a81d4c9aa62caf061cb517b4d9ad1dd300374cd4706997aff9cd6aedd61fc64",
                "sha256:f11b4461f425740a1d908e9a3f7365c3d2e569f6ca68a2ff8bc5bcd9676edd63"
            ],
            "version": "==0.9.3"
        },
        "kappa": {
            "hashes": [
                "sha256:4b5b372872f25d619e427e04282551048dc975a107385b076b3ffc6406a15833",
                "sha256:4d6b7b3accce4a0aaaac92b36237a6304f0f2fffbbe3caea3f7c9f52d12c9989"
            ],
            "version": "==0.6.0"
        },
        "lambda-packages": {
            "hashes": [
                "sha256:b5e3b81ecef5f7c1b0903b5c40813536ba2343a33868a567e4e4ff1e26243406"
            ],
            "version": "==0.20.0"
        },
        "placebo": {
            "hashes": [
                "sha256:8aa848b892924786fa5e37e75524e8ec039b7d54860d35c51ffb4ed3e30590c5"
            ],
            "version": "==0.8.1"
        },
        "python-dateutil": {
            "hashes": [
                "sha256:891c38b2a02f5bb1be3e4793866c8df49c7d19baabf9c1bad62547e0b4866aca",
                "sha256:95511bae634d69bc7329ba55e646499a842bc4ec342ad54a8cdb65645a0aad3c"
            ],
            "markers": "python_version >= '2.7'",
            "version": "==2.6.1"
        },
        "python-mimeparse": {
            "hashes": [
                "sha256:76e4b03d700a641fd7761d3cd4fdbbdcd787eade1ebfac43f877016328334f78",
                "sha256:a295f03ff20341491bfe4717a39cd0a8cc9afad619ba44b77e86b0ab8a2b8282"
            ],
            "version": "==1.6.0"
        },
        "python-slugify": {
            "hashes": [
                "sha256:57a385df7a1c6dbd15f7666eaff0ff29d3f60363b228b1197c5308ed3ba5f824",
                "sha256:c3733135d3b184196fdb8844f6a74bbfb9cf6720d1dcce3254bdc434353f938f"
            ],
            "version": "==1.2.4"
        },
        "pyyaml": {
            "hashes": [
                "sha256:16b20e970597e051997d90dc2cddc713a2876c47e3d92d59ee198700c5427736",
                "sha256:3262c96a1ca437e7e4763e2843746588a965426550f3797a79fca9c6199c431f",
                "sha256:592766c6303207a20efc445587778322d7f73b161bd994f227adaa341ba212ab",
                "sha256:5ac82e411044fb129bae5cfbeb3ba626acb2af31a8d17d175004b70862a741a7",
                "sha256:827dc04b8fa7d07c44de11fabbc888e627fa8293b695e0f99cb544fdfa1bf0d1",
                "sha256:bc6bced57f826ca7cb5125a10b23fd0f2fff3b7c4701d64c439a300ce665fff8",
                "sha256:c01b880ec30b5a6e6aa67b09a2fe3fb30473008c85cd6a67359a1b15ed6d83a4",
                "sha256:e863072cdf4c72eebf179342c94e6989c67185842d9997960b3e69290b2fa269"
            ],
            "version": "==3.12"
        },
        "requests": {
            "hashes": [
                "sha256:63b52e3c866428a224f97cab011de738c36aec0185aa91cfacd418b5d58911d1",
                "sha256:ec22d826a36ed72a7358ff3fe56cbd4ba69dd7a6718ffd450ff0e9df7a47ce6a"
            ],
            "version": "==2.19.1"
        },
        "s3transfer": {
            "hashes": [
                "sha256:90dc18e028989c609146e241ea153250be451e05ecc0c2832565231dacdf59c1",
                "sha256:c7a9ec356982d5e9ab2d4b46391a7d6a950e2b04c472419f5fdec70cc0ada72f"
            ],
            "version": "==0.1.13"
        },
        "six": {
            "hashes": [
                "sha256:70e8a77beed4562e7f14fe23a786b54f6296e34344c23bc42f07b15018ff98e9",
                "sha256:832dc0e10feb1aa2c68dcc57dbb658f1c7e65b9b61af69048abc87a2db00a0eb"
            ],
            "version": "==1.11.0"
        },
        "toml": {
            "hashes": [
                "sha256:8e86bd6ce8cc11b9620cb637466453d94f5d57ad86f17e98a98d1f73e3baab2d"
            ],
            "version": "==0.9.4"
        },
        "tqdm": {
            "hashes": [
                "sha256:ba650e08b8b102923a05896bf9d7e1c9cdc20b484156df0511a4bbf1f6b6f89b",
                "sha256:fa6d2ea6285f56e75d7efe9259805deadc450f16066a1f82ad0629ea9be2cd0f"
            ],
            "version": "==4.19.1"
        },
        "troposphere": {
            "hashes": [
                "sha256:aecc32359326634c9911ae4bea05d308822b827787926dcc038c153410ce380b"
            ],
            "version": "==2.3.1"
        },
        "unidecode": {
            "hashes": [
                "sha256:72f49d3729f3d8f5799f710b97c1451c5163102e76d64d20e170aedbbd923582",
                "sha256:8c33dd588e0c9bc22a76eaa0c715a5434851f726131bd44a6c26471746efabf5"
            ],
            "version": "==1.0.22"
        },
        "urllib3": {
            "hashes": [
                "sha256:a68ac5e15e76e7e5dd2b8f94007233e01effe3e50e8daddf69acfd81cb686baf",
                "sha256:b5725a0bd4ba422ab0e66e89e030c806576753ea3ee08554382c14e685d117b5"
            ],
            "markers": "python_version != '3.1.*' and python_version >= '2.6' and python_version != '3.0.*' and python_version != '3.2.*' and python_version != '3.3.*' and python_version < '4'",
            "version": "==1.23"
        },
        "werkzeug": {
            "hashes": [
                "sha256:c3fd7a7d41976d9f44db327260e263132466836cef6f91512889ed60ad26557c",
                "sha256:d5da73735293558eb1651ee2fddc4d0dedcfa06538b8813a2e20011583c9e49b"
            ],
            "version": "==0.14.1"
        },
        "wheel": {
            "hashes": [
                "sha256:0a2e54558a0628f2145d2fc822137e322412115173e8a2ddbe1c9024338ae83c",
                "sha256:80044e51ec5bbf6c894ba0bc48d26a8c20a9ba629f4ca19ea26ecfcf87685f5f"
            ],
            "markers": "python_version != '3.1.*' and python_version != '3.0.*' and python_version != '3.2.*' and python_version != '3.3.*' and python_version >= '2.7'",
            "version": "==0.31.1"
        },
        "wsgi-request-logger": {
            "hashes": [
                "sha256:445d7ec52799562f812006394d0b4a7064b37084c6ea6bd74ea7a2136c97ed83"
            ],
            "version": "==0.4.6"
        },
        "zappa": {
            "hashes": [
                "sha256:6b303a82698035d465e3426008a355b17733204c205e6efab7b4168ac84eb918",
                "sha256:b4d310821d19c773f9d1457fa00287c154097c72e502d71f0879cb765a2130b4"
            ],
            "index": "pypi",
            "version": "==0.46.2"
        }
    },
    "develop": {}
}
